
Microsoft Visual Studio Solution File, Format Version 12.00
# Visual Studio Version 16
VisualStudioVersion = 16.0.29926.136
MinimumVisualStudioVersion = 10.0.40219.1
Project("{9A19103F-16F7-4668-BE54-9A1E7A4F7556}") = "OwnThings.API", "OwnThings.API\OwnThings.API.csproj", "{4B9FA4C1-CC0B-4A50-86CB-EB2ED58AF7E5}"
EndProject
Project("{9A19103F-16F7-4668-BE54-9A1E7A4F7556}") = "OwnThings.Test", "OwnThings.Test\OwnThings.Test.csproj", "{1C0A367C-E433-46FB-8E2B-017355965AFF}"
EndProject
Project("{9A19103F-16F7-4668-BE54-9A1E7A4F7556}") = "OwnThings.Core", "OwnThings.Core\OwnThings.Core.csproj", "{1AD7CAB6-19A8-42CF-B56B-8CD369ABFD1C}"
EndProject
Global
	GlobalSection(SolutionConfigurationPlatforms) = preSolution
		Debug|Any CPU = Debug|Any CPU
		Release|Any CPU = Release|Any CPU
	EndGlobalSection
	GlobalSection(ProjectConfigurationPlatforms) = postSolution
		{4B9FA4C1-CC0B-4A50-86CB-EB2ED58AF7E5}.Debug|Any CPU.ActiveCfg = Debug|Any CPU
		{4B9FA4C1-CC0B-4A50-86CB-EB2ED58AF7E5}.Debug|Any CPU.Build.0 = Debug|Any CPU
		{4B9FA4C1-CC0B-4A50-86CB-EB2ED58AF7E5}.Release|Any CPU.ActiveCfg = Release|Any CPU
		{4B9FA4C1-CC0B-4A50-86CB-EB2ED58AF7E5}.Release|Any CPU.Build.0 = Release|Any CPU
		{1C0A367C-E433-46FB-8E2B-017355965AFF}.Debug|Any CPU.ActiveCfg = Debug|Any CPU
		{1C0A367C-E433-46FB-8E2B-017355965AFF}.Debug|Any CPU.Build.0 = Debug|Any CPU
		{1C0A367C-E433-46FB-8E2B-017355965AFF}.Release|Any CPU.ActiveCfg = Release|Any CPU
		{1C0A367C-E433-46FB-8E2B-017355965AFF}.Release|Any CPU.Build.0 = Release|Any CPU
		{1AD7CAB6-19A8-42CF-B56B-8CD369ABFD1C}.Debug|Any CPU.ActiveCfg = Debug|Any CPU
		{1AD7CAB6-19A8-42CF-B56B-8CD369ABFD1C}.Debug|Any CPU.Build.0 = Debug|Any CPU
		{1AD7CAB6-19A8-42CF-B56B-8CD369ABFD1C}.Release|Any CPU.ActiveCfg = Release|Any CPU
		{1AD7CAB6-19A8-42CF-B56B-8CD369ABFD1C}.Release|Any CPU.Build.0 = Release|Any CPU
	EndGlobalSection
	GlobalSection(SolutionProperties) = preSolution
		HideSolutionNode = FALSE
	EndGlobalSection
	GlobalSection(ExtensibilityGlobals) = postSolution
		SolutionGuid = {704FF05B-0B62-48D9-B4C8-E3BDDB172747}
	EndGlobalSection
EndGlobal
